
Microsoft Visual Studio Solution File, Format Version 11.00
# Visual Studio 2010
Project("{FAE04EC0-301F-11D3-BF4B-00C04F79EFBC}") = "Glshj", "Glshj\Glshj.csproj", "{7479CF10-2482-4D2F-920E-32C7A742F710}"
EndProject
Project("{FAE04EC0-301F-11D3-BF4B-00C04F79EFBC}") = "TestGljsh", "TestGljsh\TestGljsh.csproj", "{052B0E5F-A818-4039-B4BD-2317905333FA}"
EndProject
Global
	GlobalSection(SolutionConfigurationPlatforms) = preSolution
		Debug|Any CPU = Debug|Any CPU
		Debug|Mixed Platforms = Debug|Mixed Platforms
		Debug|x86 = Debug|x86
		Release|Any CPU = Release|Any CPU
		Release|Mixed Platforms = Release|Mixed Platforms
		Release|x86 = Release|x86
	EndGlobalSection
	GlobalSection(ProjectConfigurationPlatforms) = postSolution
		{7479CF10-2482-4D2F-920E-32C7A742F710}.Debug|Any CPU.ActiveCfg = Debug|Any CPU
		{7479CF10-2482-4D2F-920E-32C7A742F710}.Debug|Any CPU.Build.0 = Debug|Any CPU
		{7479CF10-2482-4D2F-920E-32C7A742F710}.Debug|Mixed Platforms.ActiveCfg = Debug|Any CPU
		{7479CF10-2482-4D2F-920E-32C7A742F710}.Debug|Mixed Platforms.Build.0 = Debug|Any CPU
		{7479CF10-2482-4D2F-920E-32C7A742F710}.Debug|x86.ActiveCfg = Debug|Any CPU
		{7479CF10-2482-4D2F-920E-32C7A742F710}.Release|Any CPU.ActiveCfg = Release|Any CPU
		{7479CF10-2482-4D2F-920E-32C7A742F710}.Release|Any CPU.Build.0 = Release|Any CPU
		{7479CF10-2482-4D2F-920E-32C7A742F710}.Release|Mixed Platforms.ActiveCfg = Release|Any CPU
		{7479CF10-2482-4D2F-920E-32C7A742F710}.Release|Mixed Platforms.Build.0 = Release|Any CPU
		{7479CF10-2482-4D2F-920E-32C7A742F710}.Release|x86.ActiveCfg = Release|Any CPU
		{052B0E5F-A818-4039-B4BD-2317905333FA}.Debug|Any CPU.ActiveCfg = Debug|x86
		{052B0E5F-A818-4039-B4BD-2317905333FA}.Debug|Mixed Platforms.ActiveCfg = Debug|x86
		{052B0E5F-A818-4039-B4BD-2317905333FA}.Debug|Mixed Platforms.Build.0 = Debug|x86
		{052B0E5F-A818-4039-B4BD-2317905333FA}.Debug|x86.ActiveCfg = Debug|x86
		{052B0E5F-A818-4039-B4BD-2317905333FA}.Debug|x86.Build.0 = Debug|x86
		{052B0E5F-A818-4039-B4BD-2317905333FA}.Release|Any CPU.ActiveCfg = Release|x86
		{052B0E5F-A818-4039-B4BD-2317905333FA}.Release|Mixed Platforms.ActiveCfg = Release|x86
		{052B0E5F-A818-4039-B4BD-2317905333FA}.Release|Mixed Platforms.Build.0 = Release|x86
		{052B0E5F-A818-4039-B4BD-2317905333FA}.Release|x86.ActiveCfg = Release|x86
		{052B0E5F-A818-4039-B4BD-2317905333FA}.Release|x86.Build.0 = Release|x86
	EndGlobalSection
	GlobalSection(SolutionProperties) = preSolution
		HideSolutionNode = FALSE
	EndGlobalSection
EndGlobal
